version = 1
requires-python = ">=3.12"

[[distribution]]
name = "bases"
version = "0.3.0"
source = { registry = "https://pypi.org/simple" }
dependencies = [
    { name = "typing-extensions" },
    { name = "typing-validation" },
]
sdist = { url = "https://files.pythonhosted.org/packages/de/8d/105bca352e2fc5f1ee07f425ec296aa680525aac7f197ef135ea057902ac/bases-0.3.0.tar.gz", hash = "sha256:70f04a4a45d63245787f9e89095ca11042685b6b64b542ad916575ba3ccd1570", size = 789978 }
wheels = [
    { url = "https://files.pythonhosted.org/packages/b4/15/7bcf28a3f971e1b0523fab46ae3ca935a589249544187558e5a8e70af393/bases-0.3.0-py3-none-any.whl", hash = "sha256:a2fef3366f3e522ff473d2e95c21523fe8e44251038d5c6150c01481585ebf5b", size = 36053 },
]

[[distribution]]
name = "blake3"
version = "1.0.4"
source = { registry = "https://pypi.org/simple" }
sdist = { url = "https://files.pythonhosted.org/packages/be/12/c5886424124b2a70838731098c1cdefccaeea06c03b4094fc8aeee938069/blake3-1.0.4.tar.gz", hash = "sha256:09b2c66bc2c797e9d783521ec22b1e9a6c74e3ddb98bdd0dcd4fcc2213fb27ec", size = 115198 }
wheels = [
    { url = "https://files.pythonhosted.org/packages/c9/fe/77bcfdf946da8952d3338a7ecb350edd4c2469bb6fba35853512b89d8f40/blake3-1.0.4-cp312-cp312-macosx_10_12_x86_64.whl", hash = "sha256:1e3018d12e16faea2e08f210123a9c2e603de6c1b80b381624cffd536e1022d1", size = 338131 },
    { url = "https://files.pythonhosted.org/packages/04/ba/2d6caaea87f5ad6526c5411868e231d73f52e6914f031baead849a597ccc/blake3-1.0.4-cp312-cp312-macosx_11_0_arm64.whl", hash = "sha256:17fb8c25d62b3dc35c2c4d59f3b2f3234814b2aa374c0b9bea3d326184bf9268", size = 319326 },
    { url = "https://files.pythonhosted.org/packages/b7/8b/41e78c884fd18d382475ad315c8b7b9d4ca9bdd656bb4322abf0652b0f9b/blake3-1.0.4-cp312-cp312-manylinux_2_17_aarch64.manylinux2014_aarch64.whl", hash = "sha256:fc9da486d47f399ac2aba8dfdfaf60cc7a507d8434623cee8f81f47852db594d", size = 362296 },
    { url = "https://files.pythonhosted.org/packages/76/26/3f071b2131e51768520dc04927843d868b514c33b879ec6d0ee1266ceaaa/blake3-1.0.4-cp312-cp312-manylinux_2_17_armv7l.manylinux2014_armv7l.whl", hash = "sha256:0f5888e358ae4bba094d4595e1703dfc230d96dea6924e877c42c7a98beda7b5", size = 367445 },
    { url = "https://files.pythonhosted.org/packages/7b/20/9e2be9622f8b0803a4cc60663988087694d458b6455b879fccfed0470942/blake3-1.0.4-cp312-cp312-manylinux_2_17_i686.manylinux2014_i686.whl", hash = "sha256:7a1ab4bb7869fd38b7be2a88557d28cfe63d44b194bf2bf27e4ff08c5f2483ea", size = 436954 },
    { url = "https://files.pythonhosted.org/packages/b6/6b/ae53e3b6e501b44ee6d1ac46bd559398755938ff0804e82707165c181c8b/blake3-1.0.4-cp312-cp312-manylinux_2_17_ppc64le.manylinux2014_ppc64le.whl", hash = "sha256:dbaf16fd19f93a2b5d2eadab82dca3161e2bf418606144df7edaf20bc38eda7c", size = 422046 },
    { url = "https://files.pythonhosted.org/packages/df/7b/8d7b1fdd6471b93e3cbd287e3dcf76149ad9b8584902def9bea760eb80fa/blake3-1.0.4-cp312-cp312-manylinux_2_17_s390x.manylinux2014_s390x.whl", hash = "sha256:222234ebea46d16ac981b0da528dd6e57e8ea37cef168e9f669894f660a18e09", size = 400855 },
    { url = "https://files.pythonhosted.org/packages/2b/0e/35182a7cf5ee2fb8f49296f34c2880bf99318df4fccb2c294485d4bc1bbb/blake3-1.0.4-cp312-cp312-manylinux_2_17_x86_64.manylinux2014_x86_64.whl", hash = "sha256:bb2689cbef663d823011eeddec29c23d1c1f773ac867bfa854fb0590771a309d", size = 374969 },
    { url = "https://files.pythonhosted.org/packages/c9/50/c1280aee0e2f8f297e49ce3c131e03436cab1579a2efa52e825851a27b1c/blake3-1.0.4-cp312-cp312-musllinux_1_1_aarch64.whl", hash = "sha256:1524b1cabb034f1c9dc2621f3c06c10d2a4608391cf04e5db182aa5d7a82fdbe", size = 529434 },
    { url = "https://files.pythonhosted.org/packages/50/b2/2b196b9cae06f986b03832f164d58ef9ca039d7ed6ec4f8549f085aab85a/blake3-1.0.4-cp312-cp312-musllinux_1_1_x86_64.whl", hash = "sha256:7592124471fb1c8c67f94776c480743c182aff92952ceb5f5c793a632a1a1436", size = 537692 },
    { url = "https://files.pythonhosted.org/packages/1f/ec/3e57c820c0f7ff78a7b4ea2f640d0cf2fe37053615e41314b5c8b881cd6e/blake3-1.0.4-cp312-cp312-win32.whl", hash = "sha256:78f4724d0a9f6bebd0fccf27e4afaed1ca4b6645740ee425d3621defe27c4e64", size = 228519 },
    { url = "https://files.pythonhosted.org/packages/28/44/d70c4782b4e950887d9c5d77384fb54e84bd3a38472a6b6dc6792c9bf5df/blake3-1.0.4-cp312-cp312-win_amd64.whl", hash = "sha256:af18fcd2a37aa51c24cedbb82f4934f39a9a4ea11a84d34c1ab63df94a28fdd1", size = 212489 },
    { url = "https://files.pythonhosted.org/packages/45/19/3b91742911aed0ccde857c2b29479db786602d5894bffeb5cf8c90cd4c0c/blake3-1.0.4-cp313-cp313-macosx_10_12_x86_64.whl", hash = "sha256:1845c2c8a611c30e43a88843f202663ce35a3d4d61a28064bf99a9adf975ab74", size = 337319 },
    { url = "https://files.pythonhosted.org/packages/9e/53/a9100372b7a3fec2a9100e9df097a583312a478b792331abd1dcb6a97364/blake3-1.0.4-cp313-cp313-macosx_11_0_arm64.whl", hash = "sha256:5404a99dcd9d5974ec09a6cc3e66e730ed7b8f65f353dea88b614ca4ed8dcb02", size = 318712 },
    { url = "https://files.pythonhosted.org/packages/b1/ac/73285622f6d0515da4854c1e65a854042d5842bfa9d7e4a164a8176742d9/blake3-1.0.4-cp313-cp313-manylinux_2_17_aarch64.manylinux2014_aarch64.whl", hash = "sha256:d97685ff806592fa2cb35143a3bdb255db58385cbf9c1a3222b4b127ade1714d", size = 362609 },
    { url = "https://files.pythonhosted.org/packages/0f/66/fd85ff8f401afae02ee9ffa146949816098afa8ccdf39ebff99e0f3b1d8a/blake3-1.0.4-cp313-cp313-manylinux_2_17_armv7l.manylinux2014_armv7l.whl", hash = "sha256:94cc36d0e69dc118db3c288c196533603d0f3413017070b455fe63ef0075dca2", size = 366488 },
    { url = "https://files.pythonhosted.org/packages/95/32/5c69a95f35ecfe1e1b18ac7932de66e024fe4e130fe8eb6f0198f6a736b7/blake3-1.0.4-cp313-cp313-manylinux_2_17_i686.manylinux2014_i686.whl", hash = "sha256:d2a0e30369b1e9f24f81c6a666e347309aa746e85a7e986e472156995dc3751c", size = 436240 },
    { url = "https://files.pythonhosted.org/packages/70/ed/350f7559fa770e7c0f7c4235f4e957da5fe7cedd9b5793cca6d0dceef5ab/blake3-1.0.4-cp313-cp313-manylinux_2_17_ppc64le.manylinux2014_ppc64le.whl", hash = "sha256:d09816c855043fe6a498108f6e0ec0ced2d5c1e65bc8a8c24012d773ac4e3208", size = 421682 },
    { url = "https://files.pythonhosted.org/packages/28/22/f8c4c5a9a2277983cdb8889bc54b39d97c40459c101f357df6d5b87511e0/blake3-1.0.4-cp313-cp313-manylinux_2_17_s390x.manylinux2014_s390x.whl", hash = "sha256:41795136af622eb113247ccb09819e388948fc0aa052da02448c9f477c02721f", size = 400187 },
    { url = "https://files.pythonhosted.org/packages/9d/f9/be0f55d672493e5a891bf40388a6eaa32bea50e78ada8d887fa53b8aaf75/blake3-1.0.4-cp313-cp313-manylinux_2_17_x86_64.manylinux2014_x86_64.whl", hash = "sha256:fedc326cac4476d2eab88413a4bf56e491040ae11ea98ddadaa5487cecda9b93", size = 374692 },
    { url = "https://files.pythonhosted.org/packages/ae/a1/4f06d90f4eb5ced1d93997e3e35697b5fded8b7c49d83d753e3531aa5af6/blake3-1.0.4-cp313-cp313-musllinux_1_1_aarch64.whl", hash = "sha256:a760153f4e66edd6214df0a69e7eb90206c8ddd8083734ac430e852453a58e06", size = 529236 },
    { url = "https://files.pythonhosted.org/packages/a0/7c/45b8d25c7a2dea9d6c32519b0a1992360c104e344faa8c318cec886630c8/blake3-1.0.4-cp313-cp313-musllinux_1_1_x86_64.whl", hash = "sha256:e93d952635a96225dda9f0b94bb115a7f1c1777db38f8a49cb902bf9433dd436", size = 537725 },
    { url = "https://files.pythonhosted.org/packages/e0/78/270e36726bcc7061f546c8505c8f8282044c75058bd1faa7885d72a71684/blake3-1.0.4-cp313-cp313-win32.whl", hash = "sha256:8b514764be91cce5825e1a3dd393004a112f8acbf1c782aaa43c057c40837a01", size = 228041 },
    { url = "https://files.pythonhosted.org/packages/54/bf/b32aaf49d3544c4ed4431f79c1e7466b7522db6d28aa81f42bcbfc6e02bb/blake3-1.0.4-cp313-cp313-win_amd64.whl", hash = "sha256:0c6477a4689b374e846fd5330839c0d27d932fa62c2d2d6b731a28798d0348a0", size = 212476 },
    { url = "https://files.pythonhosted.org/packages/b8/73/544a8cab5601f2a22765431c7a3280f3b9b15e99f731eeec1040ca7c929a/blake3-1.0.4-cp313-cp313t-macosx_10_12_x86_64.whl", hash = "sha256:fbc00208e9ebd4595290a684609a7a0557ca892f28870f44df4e433d4758e9b8", size = 337208 },
    { url = "https://files.pythonhosted.org/packages/ff/2e/5a5b648c1c11c5163a3b883ab398bf42852fa4df3ce8fe23623bfd9bc92b/blake3-1.0.4-cp313-cp313t-macosx_11_0_arm64.whl", hash = "sha256:512c7515a42398a5b01d758c53e315d295a1403b09786d9579d7f8dba4907865", size = 318462 },
    { url = "https://files.pythonhosted.org/packages/f4/ba/40ba531aa6edac47dde11de8c757080134e528e2f69612a8b45ed172211c/blake3-1.0.4-cp313-cp313t-manylinux_2_17_aarch64.manylinux2014_aarch64.whl", hash = "sha256:54d792827498d664b4e0687ca35cde8bbdc616e6766421378179b89914a65a6e", size = 361838 },
    { url = "https://files.pythonhosted.org/packages/72/a4/ea5566e8d4244e0a93a1619c7144bacde1432d9f14df6c00d30e7691d8b5/blake3-1.0.4-cp313-cp313t-manylinux_2_17_armv7l.manylinux2014_armv7l.whl", hash = "sha256:97134b7c407e6c4ddcff1813577763b4e370397f9ba20cf0db3d0fff13b4edf5", size = 365968 },
    { url = "https://files.pythonhosted.org/packages/e9/43/0d889818250121da2dc794501cdc741bd96916c335876e559594f047df6f/blake3-1.0.4-cp313-cp313t-manylinux_2_17_i686.manylinux2014_i686.whl", hash = "sha256:c40e2badab95569681759273013ea19349c438dfc3c50a5d2e5c88e1b3879ba5", size = 436441 },
    { url = "https://files.pythonhosted.org/packages/e1/46/a6093772bc95cf9a763940a5a199d27b1df41fcb2b319223b9b615d26c94/blake3-1.0.4-cp313-cp313t-manylinux_2_17_ppc64le.manylinux2014_ppc64le.whl", hash = "sha256:4e5f23d483a0e22a46991031a659cd65e58a84c2b737544e5a126fd49ffece68", size = 421019 },
    { url = "https://files.pythonhosted.org/packages/ff/3b/d9fb339e4630c9004b3ce8b261c4f7437f65f4ad52737633d0622ea23114/blake3-1.0.4-cp313-cp313t-manylinux_2_17_s390x.manylinux2014_s390x.whl", hash = "sha256:1509d898c7930451720f3667b1f733434db1090f295b6d947f88140face1c596", size = 399381 },
    { url = "https://files.pythonhosted.org/packages/2d/bb/a6250b45bc4c63b341486c8dca9d5d7b1a611b78a41d9497afe871809ec5/blake3-1.0.4-cp313-cp313t-manylinux_2_17_x86_64.manylinux2014_x86_64.whl", hash = "sha256:785ef236f8da4ab4f233d02c403fc1bc6eab093edad1ca5903dd9dbb2b1c8e26", size = 374992 },
    { url = "https://files.pythonhosted.org/packages/a1/08/f48cb923bf587501114d2b3c3003bc7c0b71e70a9853e0a4f1163db59fb7/blake3-1.0.4-cp313-cp313t-musllinux_1_1_aarch64.whl", hash = "sha256:e53f76390144272ecfe34da0466e1df66c3252e4e8a3b44b12d75c8acd393397", size = 528865 },
    { url = "https://files.pythonhosted.org/packages/e3/38/3fd5509dabaf63befa17691b74ec851f62975028ce66acfa9c8767ee2194/blake3-1.0.4-cp313-cp313t-musllinux_1_1_x86_64.whl", hash = "sha256:d8e89c286ee110b2e325b179954eb2176d4a6315caef2eb8b44bcac7374da2b0", size = 537529 },
    { url = "https://files.pythonhosted.org/packages/5c/38/fe0df3bdacbf2bca06f1aa8132cb7a73afdf1f2372336b0c57f751a2fff1/blake3-1.0.4-cp313-cp313t-win32.whl", hash = "sha256:00605aa59923205c6a4f21131840840eb2d9a754c59b163357d890566755b97a", size = 227844 },
    { url = "https://files.pythonhosted.org/packages/83/86/f27f21a589e7d45a578ec8c64dd6e7a0c6bc5472f72c8897b41166952438/blake3-1.0.4-cp313-cp313t-win_amd64.whl", hash = "sha256:95b2223177be6e269ab5f39bf1f2c186dc4852d546f15500bb7dcc114cf681f0", size = 211884 },
]

[[distribution]]
name = "certifi"
version = "2025.1.31"
source = { registry = "https://pypi.org/simple" }
sdist = { url = "https://files.pythonhosted.org/packages/1c/ab/c9f1e32b7b1bf505bf26f0ef697775960db7932abeb7b516de930ba2705f/certifi-2025.1.31.tar.gz", hash = "sha256:3d5da6925056f6f18f119200434a4780a94263f10d1c21d032a6f6b2baa20651", size = 167577 }
wheels = [
    { url = "https://files.pythonhosted.org/packages/38/fc/bce832fd4fd99766c04d1ee0eead6b0ec6486fb100ae5e74c1d91292b982/certifi-2025.1.31-py3-none-any.whl", hash = "sha256:ca78db4565a652026a4db2bcdf68f2fb589ea80d0be70e03929ed730746b84fe", size = 166393 },
]

[[distribution]]
name = "charset-normalizer"
version = "3.4.1"
source = { registry = "https://pypi.org/simple" }
sdist = { url = "https://files.pythonhosted.org/packages/16/b0/572805e227f01586461c80e0fd25d65a2115599cc9dad142fee4b747c357/charset_normalizer-3.4.1.tar.gz", hash = "sha256:44251f18cd68a75b56585dd00dae26183e102cd5e0f9f1466e6df5da2ed64ea3", size = 123188 }
wheels = [
    { url = "https://files.pythonhosted.org/packages/0a/9a/dd1e1cdceb841925b7798369a09279bd1cf183cef0f9ddf15a3a6502ee45/charset_normalizer-3.4.1-cp312-cp312-macosx_10_13_universal2.whl", hash = "sha256:73d94b58ec7fecbc7366247d3b0b10a21681004153238750bb67bd9012414545", size = 196105 },
    { url = "https://files.pythonhosted.org/packages/d3/8c/90bfabf8c4809ecb648f39794cf2a84ff2e7d2a6cf159fe68d9a26160467/charset_normalizer-3.4.1-cp312-cp312-manylinux_2_17_aarch64.manylinux2014_aarch64.whl", hash = "sha256:dad3e487649f498dd991eeb901125411559b22e8d7ab25d3aeb1af367df5efd7", size = 140404 },
    { url = "https://files.pythonhosted.org/packages/ad/8f/e410d57c721945ea3b4f1a04b74f70ce8fa800d393d72899f0a40526401f/charset_normalizer-3.4.1-cp312-cp312-manylinux_2_17_ppc64le.manylinux2014_ppc64le.whl", hash = "sha256:c30197aa96e8eed02200a83fba2657b4c3acd0f0aa4bdc9f6c1af8e8962e0757", size = 150423 },
    { url = "https://files.pythonhosted.org/packages/f0/b8/e6825e25deb691ff98cf5c9072ee0605dc2acfca98af70c2d1b1bc75190d/charset_normalizer-3.4.1-cp312-cp312-manylinux_2_17_s390x.manylinux2014_s390x.whl", hash = "sha256:2369eea1ee4a7610a860d88f268eb39b95cb588acd7235e02fd5a5601773d4fa", size = 143184 },
    { url = "https://files.pythonhosted.org/packages/3e/a2/513f6cbe752421f16d969e32f3583762bfd583848b763913ddab8d9bfd4f/charset_normalizer-3.4.1-cp312-cp312-manylinux_2_17_x86_64.manylinux2014_x86_64.whl", hash = "sha256:bc2722592d8998c870fa4e290c2eec2c1569b87fe58618e67d38b4665dfa680d", size = 145268 },
    { url = "https://files.pythonhosted.org/packages/74/94/8a5277664f27c3c438546f3eb53b33f5b19568eb7424736bdc440a88a31f/charset_normalizer-3.4.1-cp312-cp312-manylinux_2_5_i686.manylinux1_i686.manylinux_2_17_i686.manylinux2014_i686.whl", hash = "sha256:ffc9202a29ab3920fa812879e95a9e78b2465fd10be7fcbd042899695d75e616", size = 147601 },
    { url = "https://files.pythonhosted.org/packages/7c/5f/6d352c51ee763623a98e31194823518e09bfa48be2a7e8383cf691bbb3d0/charset_normalizer-3.4.1-cp312-cp312-musllinux_1_2_aarch64.whl", hash = "sha256:804a4d582ba6e5b747c625bf1255e6b1507465494a40a2130978bda7b932c90b", size = 141098 },
    { url = "https://files.pythonhosted.org/packages/78/d4/f5704cb629ba5ab16d1d3d741396aec6dc3ca2b67757c45b0599bb010478/charset_normalizer-3.4.1-cp312-cp312-musllinux_1_2_i686.whl", hash = "sha256:0f55e69f030f7163dffe9fd0752b32f070566451afe180f99dbeeb81f511ad8d", size = 149520 },
    { url = "https://files.pythonhosted.org/packages/c5/96/64120b1d02b81785f222b976c0fb79a35875457fa9bb40827678e54d1bc8/charset_normalizer-3.4.1-cp312-cp312-musllinux_1_2_ppc64le.whl", hash = "sha256:c4c3e6da02df6fa1410a7680bd3f63d4f710232d3139089536310d027950696a", size = 152852 },
    { url = "https://files.pythonhosted.org/packages/84/c9/98e3732278a99f47d487fd3468bc60b882920cef29d1fa6ca460a1fdf4e6/charset_normalizer-3.4.1-cp312-cp312-musllinux_1_2_s390x.whl", hash = "sha256:5df196eb874dae23dcfb968c83d4f8fdccb333330fe1fc278ac5ceeb101003a9", size = 150488 },
    { url = "https://files.pythonhosted.org/packages/13/0e/9c8d4cb99c98c1007cc11eda969ebfe837bbbd0acdb4736d228ccaabcd22/charset_normalizer-3.4.1-cp312-cp312-musllinux_1_2_x86_64.whl", hash = "sha256:e358e64305fe12299a08e08978f51fc21fac060dcfcddd95453eabe5b93ed0e1", size = 146192 },
    { url = "https://files.pythonhosted.org/packages/b2/21/2b6b5b860781a0b49427309cb8670785aa543fb2178de875b87b9cc97746/charset_normalizer-3.4.1-cp312-cp312-win32.whl", hash = "sha256:9b23ca7ef998bc739bf6ffc077c2116917eabcc901f88da1b9856b210ef63f35", size = 95550 },
    { url = "https://files.pythonhosted.org/packages/21/5b/1b390b03b1d16c7e382b561c5329f83cc06623916aab983e8ab9239c7d5c/charset_normalizer-3.4.1-cp312-cp312-win_amd64.whl", hash = "sha256:6ff8a4a60c227ad87030d76e99cd1698345d4491638dfa6673027c48b3cd395f", size = 102785 },
    { url = "https://files.pythonhosted.org/packages/38/94/ce8e6f63d18049672c76d07d119304e1e2d7c6098f0841b51c666e9f44a0/charset_normalizer-3.4.1-cp313-cp313-macosx_10_13_universal2.whl", hash = "sha256:aabfa34badd18f1da5ec1bc2715cadc8dca465868a4e73a0173466b688f29dda", size = 195698 },
    { url = "https://files.pythonhosted.org/packages/24/2e/dfdd9770664aae179a96561cc6952ff08f9a8cd09a908f259a9dfa063568/charset_normalizer-3.4.1-cp313-cp313-manylinux_2_17_aarch64.manylinux2014_aarch64.whl", hash = "sha256:22e14b5d70560b8dd51ec22863f370d1e595ac3d024cb8ad7d308b4cd95f8313", size = 140162 },
    { url = "https://files.pythonhosted.org/packages/24/4e/f646b9093cff8fc86f2d60af2de4dc17c759de9d554f130b140ea4738ca6/charset_normalizer-3.4.1-cp313-cp313-manylinux_2_17_ppc64le.manylinux2014_ppc64le.whl", hash = "sha256:8436c508b408b82d87dc5f62496973a1805cd46727c34440b0d29d8a2f50a6c9", size = 150263 },
    { url = "https://files.pythonhosted.org/packages/5e/67/2937f8d548c3ef6e2f9aab0f6e21001056f692d43282b165e7c56023e6dd/charset_normalizer-3.4.1-cp313-cp313-manylinux_2_17_s390x.manylinux2014_s390x.whl", hash = "sha256:2d074908e1aecee37a7635990b2c6d504cd4766c7bc9fc86d63f9c09af3fa11b", size = 142966 },
    { url = "https://files.pythonhosted.org/packages/52/ed/b7f4f07de100bdb95c1756d3a4d17b90c1a3c53715c1a476f8738058e0fa/charset_normalizer-3.4.1-cp313-cp313-manylinux_2_17_x86_64.manylinux2014_x86_64.whl", hash = "sha256:955f8851919303c92343d2f66165294848d57e9bba6cf6e3625485a70a038d11", size = 144992 },
    { url = "https://files.pythonhosted.org/packages/96/2c/d49710a6dbcd3776265f4c923bb73ebe83933dfbaa841c5da850fe0fd20b/charset_normalizer-3.4.1-cp313-cp313-manylinux_2_5_i686.manylinux1_i686.manylinux_2_17_i686.manylinux2014_i686.whl", hash = "sha256:44ecbf16649486d4aebafeaa7ec4c9fed8b88101f4dd612dcaf65d5e815f837f", size = 147162 },
    { url = "https://files.pythonhosted.org/packages/b4/41/35ff1f9a6bd380303dea55e44c4933b4cc3c4850988927d4082ada230273/charset_normalizer-3.4.1-cp313-cp313-musllinux_1_2_aarch64.whl", hash = "sha256:0924e81d3d5e70f8126529951dac65c1010cdf117bb75eb02dd12339b57749dd", size = 140972 },
    { url = "https://files.pythonhosted.org/packages/fb/43/c6a0b685fe6910d08ba971f62cd9c3e862a85770395ba5d9cad4fede33ab/charset_normalizer-3.4.1-cp313-cp313-musllinux_1_2_i686.whl", hash = "sha256:2967f74ad52c3b98de4c3b32e1a44e32975e008a9cd2a8cc8966d6a5218c5cb2", size = 149095 },
    { url = "https://files.pythonhosted.org/packages/4c/ff/a9a504662452e2d2878512115638966e75633519ec11f25fca3d2049a94a/charset_normalizer-3.4.1-cp313-cp313-musllinux_1_2_ppc64le.whl", hash = "sha256:c75cb2a3e389853835e84a2d8fb2b81a10645b503eca9bcb98df6b5a43eb8886", size = 152668 },
    { url = "https://files.pythonhosted.org/packages/6c/71/189996b6d9a4b932564701628af5cee6716733e9165af1d5e1b285c530ed/charset_normalizer-3.4.1-cp313-cp313-musllinux_1_2_s390x.whl", hash = "sha256:09b26ae6b1abf0d27570633b2b078a2a20419c99d66fb2823173d73f188ce601", size = 150073 },
    { url = "https://files.pythonhosted.org/packages/e4/93/946a86ce20790e11312c87c75ba68d5f6ad2208cfb52b2d6a2c32840d922/charset_normalizer-3.4.1-cp313-cp313-musllinux_1_2_x86_64.whl", hash = "sha256:fa88b843d6e211393a37219e6a1c1df99d35e8fd90446f1118f4216e307e48cd", size = 145732 },
    { url = "https://files.pythonhosted.org/packages/cd/e5/131d2fb1b0dddafc37be4f3a2fa79aa4c037368be9423061dccadfd90091/charset_normalizer-3.4.1-cp313-cp313-win32.whl", hash = "sha256:eb8178fe3dba6450a3e024e95ac49ed3400e506fd4e9e5c32d30adda88cbd407", size = 95391 },
    { url = "https://files.pythonhosted.org/packages/27/f2/4f9a69cc7712b9b5ad8fdb87039fd89abba997ad5cbe690d1835d40405b0/charset_normalizer-3.4.1-cp313-cp313-win_amd64.whl", hash = "sha256:b1ac5992a838106edb89654e0aebfc24f5848ae2547d22c2c3f66454daa11971", size = 102702 },
    { url = "https://files.pythonhosted.org/packages/0e/f6/65ecc6878a89bb1c23a086ea335ad4bf21a588990c3f535a227b9eea9108/charset_normalizer-3.4.1-py3-none-any.whl", hash = "sha256:d98b1668f06378c6dbefec3b92299716b931cd4e6061f3c875a71ced1780ab85", size = 49767 },
]

[[distribution]]
name = "dag-cbor"
version = "0.3.3"
source = { registry = "https://pypi.org/simple" }
dependencies = [
    { name = "multiformats" },
    { name = "typing-extensions" },
    { name = "typing-validation" },
]
sdist = { url = "https://files.pythonhosted.org/packages/28/18/b318561a2cb51bfb80664394c507bad6bf9f77fa9e5e7b56a35cc5fe8772/dag-cbor-0.3.3.tar.gz", hash = "sha256:d8d1e7c7a022af758932e5343b7a2c9d7afa1cc64860246cae22f90cab1c9d8a", size = 54550 }
wheels = [
    { url = "https://files.pythonhosted.org/packages/14/8e/3fa50f0e4d709610be14b8b8049f5bdd9dbeddf5147286a4c59ba55f8af0/dag_cbor-0.3.3-py3-none-any.whl", hash = "sha256:e0d1c45427ed1fa21bbd103163d4b250f4ce9066337d6ffb976da1fac3a67454", size = 25457 },
]

[[distribution]]
name = "idna"
version = "3.10"
source = { registry = "https://pypi.org/simple" }
sdist = { url = "https://files.pythonhosted.org/packages/f1/70/7703c29685631f5a7590aa73f1f1d3fa9a380e654b86af429e0934a32f7d/idna-3.10.tar.gz", hash = "sha256:12f65c9b470abda6dc35cf8e63cc574b1c52b11df2c86030af0ac09b01b13ea9", size = 190490 }
wheels = [
    { url = "https://files.pythonhosted.org/packages/76/c6/c88e154df9c4e1a2a66ccf0005a88dfb2650c1dffb6f5ce603dfbd452ce3/idna-3.10-py3-none-any.whl", hash = "sha256:946d195a0d259cbba61165e88e65941f16e9b36ea6ddb97f00452bae8b1287d3", size = 70442 },
]

[[distribution]]
name = "markdown-it-py"
version = "3.0.0"
source = { registry = "https://pypi.org/simple" }
dependencies = [
    { name = "mdurl" },
]
sdist = { url = "https://files.pythonhosted.org/packages/38/71/3b932df36c1a044d397a1f92d1cf91ee0a503d91e470cbd670aa66b07ed0/markdown-it-py-3.0.0.tar.gz", hash = "sha256:e3f60a94fa066dc52ec76661e37c851cb232d92f9886b15cb560aaada2df8feb", size = 74596 }
wheels = [
    { url = "https://files.pythonhosted.org/packages/42/d7/1ec15b46af6af88f19b8e5ffea08fa375d433c998b8a7639e76935c14f1f/markdown_it_py-3.0.0-py3-none-any.whl", hash = "sha256:355216845c60bd96232cd8d8c40e8f9765cc86f46880e43a8fd22dc1a1a8cab1", size = 87528 },
]

[[distribution]]
name = "mdurl"
version = "0.1.2"
source = { registry = "https://pypi.org/simple" }
sdist = { url = "https://files.pythonhosted.org/packages/d6/54/cfe61301667036ec958cb99bd3efefba235e65cdeb9c84d24a8293ba1d90/mdurl-0.1.2.tar.gz", hash = "sha256:bb413d29f5eea38f31dd4754dd7377d4465116fb207585f97bf925588687c1ba", size = 8729 }
wheels = [
    { url = "https://files.pythonhosted.org/packages/b3/38/89ba8ad64ae25be8de66a6d463314cf1eb366222074cfda9ee839c56a4b4/mdurl-0.1.2-py3-none-any.whl", hash = "sha256:84008a41e51615a49fc9966191ff91509e3c40b939176e643fd50a5c2196b8f8", size = 9979 },
]

[[distribution]]
name = "mmh3"
version = "5.1.0"
source = { registry = "https://pypi.org/simple" }
sdist = { url = "https://files.pythonhosted.org/packages/47/1b/1fc6888c74cbd8abad1292dde2ddfcf8fc059e114c97dd6bf16d12f36293/mmh3-5.1.0.tar.gz", hash = "sha256:136e1e670500f177f49ec106a4ebf0adf20d18d96990cc36ea492c651d2b406c", size = 33728 }
wheels = [
    { url = "https://files.pythonhosted.org/packages/f4/47/e5f452bdf16028bfd2edb4e2e35d0441e4a4740f30e68ccd4cfd2fb2c57e/mmh3-5.1.0-cp312-cp312-macosx_10_13_universal2.whl", hash = "sha256:45712987367cb9235026e3cbf4334670522a97751abfd00b5bc8bfa022c3311d", size = 56152 },
    { url = "https://files.pythonhosted.org/packages/60/38/2132d537dc7a7fdd8d2e98df90186c7fcdbd3f14f95502a24ba443c92245/mmh3-5.1.0-cp312-cp312-macosx_10_13_x86_64.whl", hash = "sha256:b1020735eb35086ab24affbea59bb9082f7f6a0ad517cb89f0fc14f16cea4dae", size = 40564 },
    { url = "https://files.pythonhosted.org/packages/c0/2a/c52cf000581bfb8d94794f58865658e7accf2fa2e90789269d4ae9560b16/mmh3-5.1.0-cp312-cp312-macosx_11_0_arm64.whl", hash = "sha256:babf2a78ce5513d120c358722a2e3aa7762d6071cd10cede026f8b32452be322", size = 40104 },
    { url = "https://files.pythonhosted.org/packages/83/33/30d163ce538c54fc98258db5621447e3ab208d133cece5d2577cf913e708/mmh3-5.1.0-cp312-cp312-manylinux_2_17_aarch64.manylinux2014_aarch64.whl", hash = "sha256:d4f47f58cd5cbef968c84a7c1ddc192fef0a36b48b0b8a3cb67354531aa33b00", size = 102634 },
    { url = "https://files.pythonhosted.org/packages/94/5c/5a18acb6ecc6852be2d215c3d811aa61d7e425ab6596be940877355d7f3e/mmh3-5.1.0-cp312-cp312-manylinux_2_17_ppc64le.manylinux2014_ppc64le.whl", hash = "sha256:2044a601c113c981f2c1e14fa33adc9b826c9017034fe193e9eb49a6882dbb06", size = 108888 },
    { url = "https://files.pythonhosted.org/packages/1f/f6/11c556324c64a92aa12f28e221a727b6e082e426dc502e81f77056f6fc98/mmh3-5.1.0-cp312-cp312-manylinux_2_17_s390x.manylinux2014_s390x.whl", hash = "sha256:c94d999c9f2eb2da44d7c2826d3fbffdbbbbcde8488d353fee7c848ecc42b968", size = 106968 },
    { url = "https://files.pythonhosted.org/packages/5d/61/ca0c196a685aba7808a5c00246f17b988a9c4f55c594ee0a02c273e404f3/mmh3-5.1.0-cp312-cp312-manylinux_2_5_i686.manylinux1_i686.manylinux_2_17_i686.manylinux2014_i686.whl", hash = "sha256:a015dcb24fa0c7a78f88e9419ac74f5001c1ed6a92e70fd1803f74afb26a4c83", size = 93771 },
    { url = "https://files.pythonhosted.org/packages/b4/55/0927c33528710085ee77b808d85bbbafdb91a1db7c8eaa89cac16d6c513e/mmh3-5.1.0-cp312-cp312-manylinux_2_5_x86_64.manylinux1_x86_64.manylinux_2_17_x86_64.manylinux2014_x86_64.whl", hash = "sha256:457da019c491a2d20e2022c7d4ce723675e4c081d9efc3b4d8b9f28a5ea789bd", size = 101726 },
    { url = "https://files.pythonhosted.org/packages/49/39/a92c60329fa470f41c18614a93c6cd88821412a12ee78c71c3f77e1cfc2d/mmh3-5.1.0-cp312-cp312-musllinux_1_2_aarch64.whl", hash = "sha256:71408579a570193a4ac9c77344d68ddefa440b00468a0b566dcc2ba282a9c559", size = 98523 },
    { url = "https://files.pythonhosted.org/packages/81/90/26adb15345af8d9cf433ae1b6adcf12e0a4cad1e692de4fa9f8e8536c5ae/mmh3-5.1.0-cp312-cp312-musllinux_1_2_i686.whl", hash = "sha256:8b3a04bc214a6e16c81f02f855e285c6df274a2084787eeafaa45f2fbdef1b63", size = 96628 },
    { url = "https://files.pythonhosted.org/packages/8a/4d/340d1e340df972a13fd4ec84c787367f425371720a1044220869c82364e9/mmh3-5.1.0-cp312-cp312-musllinux_1_2_ppc64le.whl", hash = "sha256:832dae26a35514f6d3c1e267fa48e8de3c7b978afdafa0529c808ad72e13ada3", size = 105190 },
    { url = "https://files.pythonhosted.org/packages/d3/7c/65047d1cccd3782d809936db446430fc7758bda9def5b0979887e08302a2/mmh3-5.1.0-cp312-cp312-musllinux_1_2_s390x.whl", hash = "sha256:bf658a61fc92ef8a48945ebb1076ef4ad74269e353fffcb642dfa0890b13673b", size = 98439 },
    { url = "https://files.pythonhosted.org/packages/72/d2/3c259d43097c30f062050f7e861075099404e8886b5d4dd3cebf180d6e02/mmh3-5.1.0-cp312-cp312-musllinux_1_2_x86_64.whl", hash = "sha256:3313577453582b03383731b66447cdcdd28a68f78df28f10d275d7d19010c1df", size = 97780 },
    { url = "https://files.pythonhosted.org/packages/29/29/831ea8d4abe96cdb3e28b79eab49cac7f04f9c6b6e36bfc686197ddba09d/mmh3-5.1.0-cp312-cp312-win32.whl", hash = "sha256:1d6508504c531ab86c4424b5a5ff07c1132d063863339cf92f6657ff7a580f76", size = 40835 },
    { url = "https://files.pythonhosted.org/packages/12/dd/7cbc30153b73f08eeac43804c1dbc770538a01979b4094edbe1a4b8eb551/mmh3-5.1.0-cp312-cp312-win_amd64.whl", hash = "sha256:aa75981fcdf3f21759d94f2c81b6a6e04a49dfbcdad88b152ba49b8e20544776", size = 41509 },
    { url = "https://files.pythonhosted.org/packages/80/9d/627375bab4c90dd066093fc2c9a26b86f87e26d980dbf71667b44cbee3eb/mmh3-5.1.0-cp312-cp312-win_arm64.whl", hash = "sha256:a4c1a76808dfea47f7407a0b07aaff9087447ef6280716fd0783409b3088bb3c", size = 38888 },
    { url = "https://files.pythonhosted.org/packages/05/06/a098a42870db16c0a54a82c56a5bdc873de3165218cd5b3ca59dbc0d31a7/mmh3-5.1.0-cp313-cp313-macosx_10_13_universal2.whl", hash = "sha256:7a523899ca29cfb8a5239618474a435f3d892b22004b91779fcb83504c0d5b8c", size = 56165 },
    { url = "https://files.pythonhosted.org/packages/5a/65/eaada79a67fde1f43e1156d9630e2fb70655e1d3f4e8f33d7ffa31eeacfd/mmh3-5.1.0-cp313-cp313-macosx_10_13_x86_64.whl", hash = "sha256:17cef2c3a6ca2391ca7171a35ed574b5dab8398163129a3e3a4c05ab85a4ff40", size = 40569 },
    { url = "https://files.pythonhosted.org/packages/36/7e/2b6c43ed48be583acd68e34d16f19209a9f210e4669421b0321e326d8554/mmh3-5.1.0-cp313-cp313-macosx_11_0_arm64.whl", hash = "sha256:52e12895b30110f3d89dae59a888683cc886ed0472dd2eca77497edef6161997", size = 40104 },
    { url = "https://files.pythonhosted.org/packages/11/2b/1f9e962fdde8e41b0f43d22c8ba719588de8952f9376df7d73a434827590/mmh3-5.1.0-cp313-cp313-manylinux_2_17_aarch64.manylinux2014_aarch64.whl", hash = "sha256:e0d6719045cda75c3f40397fc24ab67b18e0cb8f69d3429ab4c39763c4c608dd", size = 102497 },
    { url = "https://files.pythonhosted.org/packages/46/94/d6c5c3465387ba077cccdc028ab3eec0d86eed1eebe60dcf4d15294056be/mmh3-5.1.0-cp313-cp313-manylinux_2_17_ppc64le.manylinux2014_ppc64le.whl", hash = "sha256:d19fa07d303a91f8858982c37e6939834cb11893cb3ff20e6ee6fa2a7563826a", size = 108834 },
    { url = "https://files.pythonhosted.org/packages/34/1e/92c212bb81796b69dddfd50a8a8f4b26ab0d38fdaf1d3e8628a67850543b/mmh3-5.1.0-cp313-cp313-manylinux_2_17_s390x.manylinux2014_s390x.whl", hash = "sha256:31b47a620d622fbde8ca1ca0435c5d25de0ac57ab507209245e918128e38e676", size = 106936 },
    { url = "https://files.pythonhosted.org/packages/f4/41/f2f494bbff3aad5ffd2085506255049de76cde51ddac84058e32768acc79/mmh3-5.1.0-cp313-cp313-manylinux_2_5_i686.manylinux1_i686.manylinux_2_17_i686.manylinux2014_i686.whl", hash = "sha256:00f810647c22c179b6821079f7aa306d51953ac893587ee09cf1afb35adf87cb", size = 93709 },
    { url = "https://files.pythonhosted.org/packages/9e/a9/a2cc4a756d73d9edf4fb85c76e16fd56b0300f8120fd760c76b28f457730/mmh3-5.1.0-cp313-cp313-manylinux_2_5_x86_64.manylinux1_x86_64.manylinux_2_17_x86_64.manylinux2014_x86_64.whl", hash = "sha256:f6128b610b577eed1e89ac7177ab0c33d06ade2aba93f5c89306032306b5f1c6", size = 101623 },
    { url = "https://files.pythonhosted.org/packages/5e/6f/b9d735533b6a56b2d56333ff89be6a55ac08ba7ff33465feb131992e33eb/mmh3-5.1.0-cp313-cp313-musllinux_1_2_aarch64.whl", hash = "sha256:1e550a45d2ff87a1c11b42015107f1778c93f4c6f8e731bf1b8fa770321b8cc4", size = 98521 },
    { url = "https://files.pythonhosted.org/packages/99/47/dff2b54fac0d421c1e6ecbd2d9c85b2d0e6f6ee0d10b115d9364116a511e/mmh3-5.1.0-cp313-cp313-musllinux_1_2_i686.whl", hash = "sha256:785ae09276342f79fd8092633e2d52c0f7c44d56e8cfda8274ccc9b76612dba2", size = 96696 },
    { url = "https://files.pythonhosted.org/packages/be/43/9e205310f47c43ddf1575bb3a1769c36688f30f1ac105e0f0c878a29d2cd/mmh3-5.1.0-cp313-cp313-musllinux_1_2_ppc64le.whl", hash = "sha256:0f4be3703a867ef976434afd3661a33884abe73ceb4ee436cac49d3b4c2aaa7b", size = 105234 },
    { url = "https://files.pythonhosted.org/packages/6b/44/90b11fd2b67dcb513f5bfe9b476eb6ca2d5a221c79b49884dc859100905e/mmh3-5.1.0-cp313-cp313-musllinux_1_2_s390x.whl", hash = "sha256:e513983830c4ff1f205ab97152a0050cf7164f1b4783d702256d39c637b9d107", size = 98449 },
    { url = "https://files.pythonhosted.org/packages/f0/d0/25c4b0c7b8e49836541059b28e034a4cccd0936202800d43a1cc48495ecb/mmh3-5.1.0-cp313-cp313-musllinux_1_2_x86_64.whl", hash = "sha256:b9135c300535c828c0bae311b659f33a31c941572eae278568d1a953c4a57b59", size = 97796 },
    { url = "https://files.pythonhosted.org/packages/23/fa/cbbb7fcd0e287a715f1cd28a10de94c0535bd94164e38b852abc18da28c6/mmh3-5.1.0-cp313-cp313-win32.whl", hash = "sha256:c65dbd12885a5598b70140d24de5839551af5a99b29f9804bb2484b29ef07692", size = 40828 },
    { url = "https://files.pythonhosted.org/packages/09/33/9fb90ef822f7b734955a63851907cf72f8a3f9d8eb3c5706bfa6772a2a77/mmh3-5.1.0-cp313-cp313-win_amd64.whl", hash = "sha256:10db7765201fc65003fa998faa067417ef6283eb5f9bba8f323c48fd9c33e91f", size = 41504 },
    { url = "https://files.pythonhosted.org/packages/16/71/4ad9a42f2772793a03cb698f0fc42499f04e6e8d2560ba2f7da0fb059a8e/mmh3-5.1.0-cp313-cp313-win_arm64.whl", hash = "sha256:b22fe2e54be81f6c07dcb36b96fa250fb72effe08aa52fbb83eade6e1e2d5fd7", size = 38890 },
]

[[distribution]]
name = "msgspec"
version = "0.19.0"
source = { registry = "https://pypi.org/simple" }
sdist = { url = "https://files.pythonhosted.org/packages/cf/9b/95d8ce458462b8b71b8a70fa94563b2498b89933689f3a7b8911edfae3d7/msgspec-0.19.0.tar.gz", hash = "sha256:604037e7cd475345848116e89c553aa9a233259733ab51986ac924ab1b976f8e", size = 216934 }
wheels = [
    { url = "https://files.pythonhosted.org/packages/b2/5f/a70c24f075e3e7af2fae5414c7048b0e11389685b7f717bb55ba282a34a7/msgspec-0.19.0-cp312-cp312-macosx_10_13_x86_64.whl", hash = "sha256:f98bd8962ad549c27d63845b50af3f53ec468b6318400c9f1adfe8b092d7b62f", size = 190485 },
    { url = "https://files.pythonhosted.org/packages/89/b0/1b9763938cfae12acf14b682fcf05c92855974d921a5a985ecc197d1c672/msgspec-0.19.0-cp312-cp312-macosx_11_0_arm64.whl", hash = "sha256:43bbb237feab761b815ed9df43b266114203f53596f9b6e6f00ebd79d178cdf2", size = 183910 },
    { url = "https://files.pythonhosted.org/packages/87/81/0c8c93f0b92c97e326b279795f9c5b956c5a97af28ca0fbb9fd86c83737a/msgspec-0.19.0-cp312-cp312-manylinux_2_17_aarch64.manylinux2014_aarch64.whl", hash = "sha256:4cfc033c02c3e0aec52b71710d7f84cb3ca5eb407ab2ad23d75631153fdb1f12", size = 210633 },
    { url = "https://files.pythonhosted.org/packages/d0/ef/c5422ce8af73928d194a6606f8ae36e93a52fd5e8df5abd366903a5ca8da/msgspec-0.19.0-cp312-cp312-manylinux_2_17_x86_64.manylinux2014_x86_64.whl", hash = "sha256:d911c442571605e17658ca2b416fd8579c5050ac9adc5e00c2cb3126c97f73bc", size = 213594 },
    { url = "https://files.pythonhosted.org/packages/19/2b/4137bc2ed45660444842d042be2cf5b18aa06efd2cda107cff18253b9653/msgspec-0.19.0-cp312-cp312-musllinux_1_2_aarch64.whl", hash = "sha256:757b501fa57e24896cf40a831442b19a864f56d253679f34f260dcb002524a6c", size = 214053 },
    { url = "https://files.pythonhosted.org/packages/9d/e6/8ad51bdc806aac1dc501e8fe43f759f9ed7284043d722b53323ea421c360/msgspec-0.19.0-cp312-cp312-musllinux_1_2_x86_64.whl", hash = "sha256:5f0f65f29b45e2816d8bded36e6b837a4bf5fb60ec4bc3c625fa2c6da4124537", size = 219081 },
    { url = "https://files.pythonhosted.org/packages/b1/ef/27dd35a7049c9a4f4211c6cd6a8c9db0a50647546f003a5867827ec45391/msgspec-0.19.0-cp312-cp312-win_amd64.whl", hash = "sha256:067f0de1c33cfa0b6a8206562efdf6be5985b988b53dd244a8e06f993f27c8c0", size = 187467 },
    { url = "https://files.pythonhosted.org/packages/3c/cb/2842c312bbe618d8fefc8b9cedce37f773cdc8fa453306546dba2c21fd98/msgspec-0.19.0-cp313-cp313-macosx_10_13_x86_64.whl", hash = "sha256:f12d30dd6266557aaaf0aa0f9580a9a8fbeadfa83699c487713e355ec5f0bd86", size = 190498 },
    { url = "https://files.pythonhosted.org/packages/58/95/c40b01b93465e1a5f3b6c7d91b10fb574818163740cc3acbe722d1e0e7e4/msgspec-0.19.0-cp313-cp313-macosx_11_0_arm64.whl", hash = "sha256:82b2c42c1b9ebc89e822e7e13bbe9d17ede0c23c187469fdd9505afd5a481314", size = 183950 },
    { url = "https://files.pythonhosted.org/packages/e8/f0/5b764e066ce9aba4b70d1db8b087ea66098c7c27d59b9dd8a3532774d48f/msgspec-0.19.0-cp313-cp313-manylinux_2_17_aarch64.manylinux2014_aarch64.whl", hash = "sha256:19746b50be214a54239aab822964f2ac81e38b0055cca94808359d779338c10e", size = 210647 },
    { url = "https://files.pythonhosted.org/packages/9d/87/bc14f49bc95c4cb0dd0a8c56028a67c014ee7e6818ccdce74a4862af259b/msgspec-0.19.0-cp313-cp313-manylinux_2_17_x86_64.manylinux2014_x86_64.whl", hash = "sha256:60ef4bdb0ec8e4ad62e5a1f95230c08efb1f64f32e6e8dd2ced685bcc73858b5", size = 213563 },
    { url = "https://files.pythonhosted.org/packages/53/2f/2b1c2b056894fbaa975f68f81e3014bb447516a8b010f1bed3fb0e016ed7/msgspec-0.19.0-cp313-cp313-musllinux_1_2_aarch64.whl", hash = "sha256:ac7f7c377c122b649f7545810c6cd1b47586e3aa3059126ce3516ac7ccc6a6a9", size = 213996 },
    { url = "https://files.pythonhosted.org/packages/aa/5a/4cd408d90d1417e8d2ce6a22b98a6853c1b4d7cb7669153e4424d60087f6/msgspec-0.19.0-cp313-cp313-musllinux_1_2_x86_64.whl", hash = "sha256:a5bc1472223a643f5ffb5bf46ccdede7f9795078194f14edd69e3aab7020d327", size = 219087 },
    { url = "https://files.pythonhosted.org/packages/23/d8/f15b40611c2d5753d1abb0ca0da0c75348daf1252220e5dda2867bd81062/msgspec-0.19.0-cp313-cp313-win_amd64.whl", hash = "sha256:317050bc0f7739cb30d257ff09152ca309bf5a369854bbf1e57dffc310c1f20f", size = 187432 },
]

[[distribution]]
name = "multiformats"
version = "0.3.1.post4"
source = { registry = "https://pypi.org/simple" }
dependencies = [
    { name = "bases" },
    { name = "multiformats-config" },
    { name = "typing-extensions" },
    { name = "typing-validation" },
]
sdist = { url = "https://files.pythonhosted.org/packages/b2/41/2efc6e99fa2ed9f1a47fbfed5d124215e35db0a849585db72eeb1490de0e/multiformats-0.3.1.post4.tar.gz", hash = "sha256:d00074fdbc7d603c2084b4c38fa17bbc28173cf2750f51f46fbbc5c4d5605fbb", size = 826017 }
wheels = [
    { url = "https://files.pythonhosted.org/packages/fa/02/0eff41b136c6723441d052c61c9dae36b86b3ae68ec064813445580222a6/multiformats-0.3.1.post4-py3-none-any.whl", hash = "sha256:5b1d61bd8275c9e817bdbee38dbd501b26629011962ee3c86c46e7ccd0b14129", size = 57148 },
]

[distribution.optional-dependencies]
full = [
    { name = "blake3" },
    { name = "mmh3" },
    { name = "pycryptodomex" },
    { name = "pyskein" },
    { name = "rich" },
]

[[distribution]]
name = "multiformats-config"
version = "0.3.1"
source = { registry = "https://pypi.org/simple" }
dependencies = [
    { name = "multiformats" },
]
sdist = { url = "https://files.pythonhosted.org/packages/c6/09/ccb6867c2d6c6de98d1d285d8a3a2103fdf452c2fef5019bb3d8ac9938d9/multiformats-config-0.3.1.tar.gz", hash = "sha256:7eaa80ef5d9c5ee9b86612d21f93a087c4a655cbcb68960457e61adbc62b47a7", size = 28345 }
wheels = [
    { url = "https://files.pythonhosted.org/packages/f3/9b/c21a9c1d5ea4847989f1eb00e3147e38e79aaea7c4b4d1cbd4f1afae9740/multiformats_config-0.3.1-py3-none-any.whl", hash = "sha256:dec4c9d42ed0d9305889b67440f72e8e8d74b82b80abd7219667764b5b0a8e1d", size = 17153 },
]

[[distribution]]
name = "py-hamt"
version = "2.0.4"
source = { editable = "." }
dependencies = [
    { name = "dag-cbor" },
    { name = "msgspec" },
    { name = "multiformats", extra = ["full"] },
    { name = "requests" },
]

[distribution.dev-dependencies]
dev = [
    { name = "pycryptodome" },
]

[[distribution]]
name = "pycryptodome"
version = "3.21.0"
source = { registry = "https://pypi.org/simple" }
sdist = { url = "https://files.pythonhosted.org/packages/13/52/13b9db4a913eee948152a079fe58d035bd3d1a519584155da8e786f767e6/pycryptodome-3.21.0.tar.gz", hash = "sha256:f7787e0d469bdae763b876174cf2e6c0f7be79808af26b1da96f1a64bcf47297", size = 4818071 }
wheels = [
    { url = "https://files.pythonhosted.org/packages/a7/88/5e83de10450027c96c79dc65ac45e9d0d7a7fef334f39d3789a191f33602/pycryptodome-3.21.0-cp36-abi3-macosx_10_9_universal2.whl", hash = "sha256:2480ec2c72438430da9f601ebc12c518c093c13111a5c1644c82cdfc2e50b1e4", size = 2495937 },
    { url = "https://files.pythonhosted.org/packages/66/e1/8f28cd8cf7f7563319819d1e172879ccce2333781ae38da61c28fe22d6ff/pycryptodome-3.21.0-cp36-abi3-macosx_10_9_x86_64.whl", hash = "sha256:de18954104667f565e2fbb4783b56667f30fb49c4d79b346f52a29cb198d5b6b", size = 1634629 },
    { url = "https://files.pythonhosted.org/packages/6a/c1/f75a1aaff0c20c11df8dc8e2bf8057e7f73296af7dfd8cbb40077d1c930d/pycryptodome-3.21.0-cp36-abi3-manylinux_2_17_aarch64.manylinux2014_aarch64.whl", hash = "sha256:2de4b7263a33947ff440412339cb72b28a5a4c769b5c1ca19e33dd6cd1dcec6e", size = 2168708 },
    { url = "https://files.pythonhosted.org/packages/ea/66/6f2b7ddb457b19f73b82053ecc83ba768680609d56dd457dbc7e902c41aa/pycryptodome-3.21.0-cp36-abi3-manylinux_2_17_x86_64.manylinux2014_x86_64.whl", hash = "sha256:0714206d467fc911042d01ea3a1847c847bc10884cf674c82e12915cfe1649f8", size = 2254555 },
    { url = "https://files.pythonhosted.org/packages/2c/2b/152c330732a887a86cbf591ed69bd1b489439b5464806adb270f169ec139/pycryptodome-3.21.0-cp36-abi3-manylinux_2_5_i686.manylinux1_i686.manylinux_2_17_i686.manylinux2014_i686.whl", hash = "sha256:7d85c1b613121ed3dbaa5a97369b3b757909531a959d229406a75b912dd51dd1", size = 2294143 },
    { url = "https://files.pythonhosted.org/packages/55/92/517c5c498c2980c1b6d6b9965dffbe31f3cd7f20f40d00ec4069559c5902/pycryptodome-3.21.0-cp36-abi3-musllinux_1_1_aarch64.whl", hash = "sha256:8898a66425a57bcf15e25fc19c12490b87bd939800f39a03ea2de2aea5e3611a", size = 2160509 },
    { url = "https://files.pythonhosted.org/packages/39/1f/c74288f54d80a20a78da87df1818c6464ac1041d10988bb7d982c4153fbc/pycryptodome-3.21.0-cp36-abi3-musllinux_1_2_i686.whl", hash = "sha256:932c905b71a56474bff8a9c014030bc3c882cee696b448af920399f730a650c2", size = 2329480 },
    { url = "https://files.pythonhosted.org/packages/39/1b/d0b013bf7d1af7cf0a6a4fce13f5fe5813ab225313755367b36e714a63f8/pycryptodome-3.21.0-cp36-abi3-musllinux_1_2_x86_64.whl", hash = "sha256:18caa8cfbc676eaaf28613637a89980ad2fd96e00c564135bf90bc3f0b34dd93", size = 2254397 },
    { url = "https://files.pythonhosted.org/packages/14/71/4cbd3870d3e926c34706f705d6793159ac49d9a213e3ababcdade5864663/pycryptodome-3.21.0-cp36-abi3-win32.whl", hash = "sha256:280b67d20e33bb63171d55b1067f61fbd932e0b1ad976b3a184303a3dad22764", size = 1775641 },
    { url = "https://files.pythonhosted.org/packages/43/1d/81d59d228381576b92ecede5cd7239762c14001a828bdba30d64896e9778/pycryptodome-3.21.0-cp36-abi3-win_amd64.whl", hash = "sha256:b7aa25fc0baa5b1d95b7633af4f5f1838467f1815442b22487426f94e0d66c53", size = 1812863 },
    { url = "https://files.pythonhosted.org/packages/25/b3/09ff7072e6d96c9939c24cf51d3c389d7c345bf675420355c22402f71b68/pycryptodome-3.21.0-pp27-pypy_73-manylinux2010_x86_64.whl", hash = "sha256:2cb635b67011bc147c257e61ce864879ffe6d03342dc74b6045059dfbdedafca", size = 1691593 },
    { url = "https://files.pythonhosted.org/packages/a8/91/38e43628148f68ba9b68dedbc323cf409e537fd11264031961fd7c744034/pycryptodome-3.21.0-pp27-pypy_73-win32.whl", hash = "sha256:4c26a2f0dc15f81ea3afa3b0c87b87e501f235d332b7f27e2225ecb80c0b1cdd", size = 1765997 },
]

[[distribution]]
name = "pycryptodomex"
version = "3.21.0"
source = { registry = "https://pypi.org/simple" }
sdist = { url = "https://files.pythonhosted.org/packages/11/dc/e66551683ade663b5f07d7b3bc46434bf703491dbd22ee12d1f979ca828f/pycryptodomex-3.21.0.tar.gz", hash = "sha256:222d0bd05381dd25c32dd6065c071ebf084212ab79bab4599ba9e6a3e0009e6c", size = 4818543 }
wheels = [
    { url = "https://files.pythonhosted.org/packages/22/5e/99f217d9881eead69607a2248dd7bbdf610837d7f5ad53f45a6cb71bbbfb/pycryptodomex-3.21.0-cp36-abi3-macosx_10_9_universal2.whl", hash = "sha256:34325b84c8b380675fd2320d0649cdcbc9cf1e0d1526edbe8fce43ed858cdc7e", size = 2499490 },
    { url = "https://files.pythonhosted.org/packages/ce/8f/4d0e2a859a6470289d64e39b419f01d2494dfa2e4995342d50f6c2834237/pycryptodomex-3.21.0-cp36-abi3-macosx_10_9_x86_64.whl", hash = "sha256:103c133d6cd832ae7266feb0a65b69e3a5e4dbbd6f3a3ae3211a557fd653f516", size = 1638037 },
    { url = "https://files.pythonhosted.org/packages/0c/9e/6e748c1fa814c956d356f93cf7192b19487ca56fc9e2a0bcde2bbc057601/pycryptodomex-3.21.0-cp36-abi3-manylinux_2_17_aarch64.manylinux2014_aarch64.whl", hash = "sha256:77ac2ea80bcb4b4e1c6a596734c775a1615d23e31794967416afc14852a639d3", size = 2172279 },
    { url = "https://files.pythonhosted.org/packages/46/3f/f5bef92b11750af9e3516d4e69736eeeff20a2818d34611508bef5a7b381/pycryptodomex-3.21.0-cp36-abi3-manylinux_2_17_x86_64.manylinux2014_x86_64.whl", hash = "sha256:9aa0cf13a1a1128b3e964dc667e5fe5c6235f7d7cfb0277213f0e2a783837cc2", size = 2258130 },
    { url = "https://files.pythonhosted.org/packages/de/4d/f0c65afd64ce435fd0547187ce6f99dfb37cdde16b05b57bca9f5c06966e/pycryptodomex-3.21.0-cp36-abi3-manylinux_2_5_i686.manylinux1_i686.manylinux_2_17_i686.manylinux2014_i686.whl", hash = "sha256:46eb1f0c8d309da63a2064c28de54e5e614ad17b7e2f88df0faef58ce192fc7b", size = 2297719 },
    { url = "https://files.pythonhosted.org/packages/1c/6a/2a1a101b0345ee70376ba93df8de6c8c01aac8341fda02970800873456a7/pycryptodomex-3.21.0-cp36-abi3-musllinux_1_1_aarch64.whl", hash = "sha256:cc7e111e66c274b0df5f4efa679eb31e23c7545d702333dfd2df10ab02c2a2ce", size = 2164079 },
    { url = "https://files.pythonhosted.org/packages/3d/00/90a15f16c234815b660303c2d7266b41b401ea2605f3a90373e9d425e39f/pycryptodomex-3.21.0-cp36-abi3-musllinux_1_2_i686.whl", hash = "sha256:770d630a5c46605ec83393feaa73a9635a60e55b112e1fb0c3cea84c2897aa0a", size = 2333060 },
    { url = "https://files.pythonhosted.org/packages/61/74/49f5d20c514ccc631b940cc9dfec45dcce418dc84a98463a2e2ebec33904/pycryptodomex-3.21.0-cp36-abi3-musllinux_1_2_x86_64.whl", hash = "sha256:52e23a0a6e61691134aa8c8beba89de420602541afaae70f66e16060fdcd677e", size = 2257982 },
    { url = "https://files.pythonhosted.org/packages/92/4b/d33ef74e2cc0025a259936661bb53432c5bbbadc561c5f2e023bcd73ce4c/pycryptodomex-3.21.0-cp36-abi3-win32.whl", hash = "sha256:a3d77919e6ff56d89aada1bd009b727b874d464cb0e2e3f00a49f7d2e709d76e", size = 1779052 },
    { url = "https://files.pythonhosted.org/packages/5b/be/7c991840af1184009fc86267160948350d1bf875f153c97bb471ad944e40/pycryptodomex-3.21.0-cp36-abi3-win_amd64.whl", hash = "sha256:b0e9765f93fe4890f39875e6c90c96cb341767833cfa767f41b490b506fa9ec0", size = 1816307 },
    { url = "https://files.pythonhosted.org/packages/af/ac/24125ad36778914a36f08d61ba5338cb9159382c638d9761ee19c8de822c/pycryptodomex-3.21.0-pp27-pypy_73-manylinux2010_x86_64.whl", hash = "sha256:feaecdce4e5c0045e7a287de0c4351284391fe170729aa9182f6bd967631b3a8", size = 1694999 },
    { url = "https://files.pythonhosted.org/packages/93/73/be7a54a5903508070e5508925ba94493a1f326cfeecfff750e3eb250ea28/pycryptodomex-3.21.0-pp27-pypy_73-win32.whl", hash = "sha256:365aa5a66d52fd1f9e0530ea97f392c48c409c2f01ff8b9a39c73ed6f527d36c", size = 1769437 },
]

[[distribution]]
name = "pygments"
version = "2.19.1"
source = { registry = "https://pypi.org/simple" }
sdist = { url = "https://files.pythonhosted.org/packages/7c/2d/c3338d48ea6cc0feb8446d8e6937e1408088a72a39937982cc6111d17f84/pygments-2.19.1.tar.gz", hash = "sha256:61c16d2a8576dc0649d9f39e089b5f02bcd27fba10d8fb4dcc28173f7a45151f", size = 4968581 }
wheels = [
    { url = "https://files.pythonhosted.org/packages/8a/0b/9fcc47d19c48b59121088dd6da2488a49d5f72dacf8262e2790a1d2c7d15/pygments-2.19.1-py3-none-any.whl", hash = "sha256:9ea1544ad55cecf4b8242fab6dd35a93bbce657034b0611ee383099054ab6d8c", size = 1225293 },
]

[[distribution]]
name = "pyskein"
version = "1.0"
source = { registry = "https://pypi.org/simple" }
sdist = { url = "https://files.pythonhosted.org/packages/0e/43/6a3ad76f2ee622348bdef997eab334a3fb45437b7709f618f9622408d384/pyskein-1.0.tar.gz", hash = "sha256:691d61880e535fad874478cad776c759667c55c0fd6fc614264be78aa021b1ea", size = 262990 }

[[distribution]]
name = "requests"
version = "2.32.3"
source = { registry = "https://pypi.org/simple" }
dependencies = [
    { name = "certifi" },
    { name = "charset-normalizer" },
    { name = "idna" },
    { name = "urllib3" },
]
sdist = { url = "https://files.pythonhosted.org/packages/63/70/2bf7780ad2d390a8d301ad0b550f1581eadbd9a20f896afe06353c2a2913/requests-2.32.3.tar.gz", hash = "sha256:55365417734eb18255590a9ff9eb97e9e1da868d4ccd6402399eaf68af20a760", size = 131218 }
wheels = [
    { url = "https://files.pythonhosted.org/packages/f9/9b/335f9764261e915ed497fcdeb11df5dfd6f7bf257d4a6a2a686d80da4d54/requests-2.32.3-py3-none-any.whl", hash = "sha256:70761cfe03c773ceb22aa2f671b4757976145175cdfca038c02654d061d6dcc6", size = 64928 },
]

[[distribution]]
name = "rich"
version = "13.9.4"
source = { registry = "https://pypi.org/simple" }
dependencies = [
    { name = "markdown-it-py" },
    { name = "pygments" },
]
sdist = { url = "https://files.pythonhosted.org/packages/ab/3a/0316b28d0761c6734d6bc14e770d85506c986c85ffb239e688eeaab2c2bc/rich-13.9.4.tar.gz", hash = "sha256:439594978a49a09530cff7ebc4b5c7103ef57baf48d5ea3184f21d9a2befa098", size = 223149 }
wheels = [
    { url = "https://files.pythonhosted.org/packages/19/71/39c7c0d87f8d4e6c020a393182060eaefeeae6c01dab6a84ec346f2567df/rich-13.9.4-py3-none-any.whl", hash = "sha256:6049d5e6ec054bf2779ab3358186963bac2ea89175919d699e378b99738c2a90", size = 242424 },
]

[[distribution]]
name = "typing-extensions"
version = "4.12.2"
source = { registry = "https://pypi.org/simple" }
sdist = { url = "https://files.pythonhosted.org/packages/df/db/f35a00659bc03fec321ba8bce9420de607a1d37f8342eee1863174c69557/typing_extensions-4.12.2.tar.gz", hash = "sha256:1a7ead55c7e559dd4dee8856e3a88b41225abfe1ce8df57b7c13915fe121ffb8", size = 85321 }
wheels = [
    { url = "https://files.pythonhosted.org/packages/26/9f/ad63fc0248c5379346306f8668cda6e2e2e9c95e01216d2b8ffd9ff037d0/typing_extensions-4.12.2-py3-none-any.whl", hash = "sha256:04e5ca0351e0f3f85c6853954072df659d0d13fac324d0072316b67d7794700d", size = 37438 },
]

[[distribution]]
name = "typing-validation"
version = "1.2.11.post4"
source = { registry = "https://pypi.org/simple" }
sdist = { url = "https://files.pythonhosted.org/packages/d7/60/d5adede183c24549e8fdc941ec152efea42a4f580c159b702aabbf72b7d6/typing_validation-1.2.11.post4.tar.gz", hash = "sha256:7aed04ecfbda07e63b7266f90e5d096f96344f7facfe04bb081b21e4a9781670", size = 774691 }
wheels = [
    { url = "https://files.pythonhosted.org/packages/7d/72/63e3a07107232462dd585e91cdd8032669578b026bca44d76f307bb8c6c7/typing_validation-1.2.11.post4-py3-none-any.whl", hash = "sha256:73dd504ddebf5210e80d5f65ba9b30efbd0fa42f266728fda7c4f0ba335c699c", size = 20748 },
]

[[distribution]]
name = "urllib3"
version = "2.3.0"
source = { registry = "https://pypi.org/simple" }
sdist = { url = "https://files.pythonhosted.org/packages/aa/63/e53da845320b757bf29ef6a9062f5c669fe997973f966045cb019c3f4b66/urllib3-2.3.0.tar.gz", hash = "sha256:f8c5449b3cf0861679ce7e0503c7b44b5ec981bec0d1d3795a07f1ba96f0204d", size = 307268 }
wheels = [
    { url = "https://files.pythonhosted.org/packages/c8/19/4ec628951a74043532ca2cf5d97b7b14863931476d117c471e8e2b1eb39f/urllib3-2.3.0-py3-none-any.whl", hash = "sha256:1cee9ad369867bfdbbb48b7dd50374c0967a0bb7710050facf0dd6911440e3df", size = 128369 },
]
